github.com/klauspost/compress v1.18.0 h1:c/Cqfb0r+Yi+JtIEq73FWXVkRonBlf0CRNYc8Zttxdo=
github.com/klauspost/compress v1.18.0/go.mod h1:2Pp+KzxcywXVXMr50+X0Q/Lsb43OQHYWRCY2AiWywWQ=
github.com/neo4j/neo4j-go-driver/v5 v5.28.3 h1:OHP/vzX0oZ2YUY5DnGUp7QY21BIpOzw+Pp+Dga8zYl4=
github.com/neo4j/neo4j-go-driver/v5 v5.28.3/go.mod h1:Vff8OwT7QpLm7L2yYr85XNWe9Rbqlbeb9asNXJTHO4k=
github.com/pierrec/lz4/v4 v4.1.22 h1:cKFw6uJDK+/gfw5BcDL0JL5aBsAFdsIT18eRtLj7VIU=
github.com/pierrec/lz4/v4 v4.1.22/go.mod h1:gZWDp/Ze/IJXGXf23ltt2EXimqmTUXEy0GFuRQyBid4=
github.com/tigerbeetle/tigerbeetle-go v0.16.58 h1:8DDthWXJMsFselfvGOhPQaEEegS3JcH47c1RvZh2R7A=
github.com/tigerbeetle/tigerbeetle-go v0.16.58/go.mod h1:d6G7n4OlD7GLHd62x0VlWPXeI/L0SoNNTfm/ee24GJI=
github.com/twmb/franz-go v1.19.5 h1:W7+o8D0RsQsedqib71OVlLeZ0zI6CbFra7yTYhZTs5Y=
github.com/twmb/franz-go v1.19.5/go.mod h1:4kFJ5tmbbl7asgwAGVuyG1ZMx0NNpYk7EqflvWfPCpM=
github.com/twmb/franz-go/pkg/kmsg v1.11.2 h1:hIw75FpwcAjgeyfIGFqivAvwC5uNIOWRGvQgZhH4mhg=
github.com/twmb/franz-go/pkg/kmsg v1.11.2/go.mod h1:CFfkkLysDNmukPYhGzuUcDtf46gQSqCZHMW1T4Z+wDE=
